// !$*UTF8*$!
{
	archiveVersion = 1;
	classes = {
	};
	objectVersion = 48;
	objects = {

/* Begin PBXBuildFile section */
		DD7EDA6C1F3950D6002CB8AE /* AppDelegate.swift in Sources */ = {isa = PBXBuildFile; fileRef = DD7EDA6B1F3950D6002CB8AE /* AppDelegate.swift */; };
		DD7EDA6E1F3950D6002CB8AE /* ViewController.swift in Sources */ = {isa = PBXBuildFile; fileRef = DD7EDA6D1F3950D6002CB8AE /* ViewController.swift */; };
		DD7EDA711F3950D6002CB8AE /* Main.storyboard in Resources */ = {isa = PBXBuildFile; fileRef = DD7EDA6F1F3950D6002CB8AE /* Main.storyboard */; };
		DD7EDA741F3950D6002CB8AE /* I_am_Rich.xcdatamodeld in Sources */ = {isa = PBXBuildFile; fileRef = DD7EDA721F3950D6002CB8AE /* I_am_Rich.xcdatamodeld */; };
		DD7EDA761F3950D6002CB8AE /* Assets.xcassets in Resources */ = {isa = PBXBuildFile; fileRef = DD7EDA751F3950D6002CB8AE /* Assets.xcassets */; };
		DD7EDA791F3950D6002CB8AE /* LaunchScreen.storyboard in Resources */ = {isa = PBXBuildFile; fileRef = DD7EDA771F3950D6002CB8AE /* LaunchScreen.storyboard */; };
/* End PBXBuildFile section */

/* Begin PBXFileReference section */
		DD7EDA681F3950D6002CB8AE /* I am Rich.app */ = {isa = PBXFileReference; explicitFileType = wrapper.application; includeInIndex = 0; path = "I am Rich.app"; sourceTree = BUILT_PRODUCTS_DIR; };
		DD7EDA6B1F3950D6002CB8AE /* AppDelegate.swift */ = {isa = PBXFileReference; lastKnownFileType = sourcecode.swift; path = AppDelegate.swift; sourceTree = "<group>"; };
		DD7EDA6D1F3950D6002CB8AE /* ViewController.swift */ = {isa = PBXFileReference; lastKnownFileType = sourcecode.swift; path = ViewController.swift; sourceTree = "<group>"; };
		DD7EDA701F3950D6002CB8AE /* Base */ = {isa = PBXFileReference; lastKnownFileType = file.storyboard; name = Base; path = Base.lproj/Main.storyboard; sourceTree = "<group>"; };
		DD7EDA731F3950D6002CB8AE /* I_am_Rich.xcdatamodel */ = {isa = PBXFileReference; lastKnownFileType = wrapper.xcdatamodel; path = I_am_Rich.xcdatamodel; sourceTree = "<group>"; };
		DD7EDA751F3950D6002CB8AE /* Assets.xcassets */ = {isa = PBXFileReference; lastKnownFileType = folder.assetcatalog; path = Assets.xcassets; sourceTree = "<group>"; };
		DD7EDA781F3950D6002CB8AE /* Base */ = {isa = PBXFileReference; lastKnownFileType = file.storyboard; name = Base; path = Base.lproj/LaunchScreen.storyboard; sourceTree = "<group>"; };
		DD7EDA7A1F3950D6002CB8AE /* Info.plist */ = {isa = PBXFileReference; lastKnownFileType = text.plist.xml; path = Info.plist; sourceTree = "<group>"; };
/* End PBXFileReference section */

/* Begin PBXFrameworksBuildPhase section */
		DD7EDA651F3950D6002CB8AE /* Frameworks */ = {
			isa = PBXFrameworksBuildPhase;
			buildActionMask = 2147483647;
			files = (
			);
			runOnlyForDeploymentPostprocessing = 0;
		};
/* End PBXFrameworksBuildPhase section */

/* Begin PBXGroup section */
		DD7EDA5F1F3950D6002CB8AE = {
			isa = PBXGroup;
			children = (
				DD7EDA6A1F3950D6002CB8AE /* I am Rich */,
				DD7EDA691F3950D6002CB8AE /* Products */,
			);
			sourceTree = "<group>";
		};
		DD7EDA691F3950D6002CB8AE /* Products */ = {
			isa = PBXGroup;
			children = (
				DD7EDA681F3950D6002CB8AE /* I am Rich.app */,
			);
			name = Products;
			sourceTree = "<group>";
		};
		DD7EDA6A1F3950D6002CB8AE /* I am Rich */ = {
			isa = PBXGroup;
			children = (
				DD7EDA6B1F3950D6002CB8AE /* AppDelegate.swift */,
				DD7EDA6D1F3950D6002CB8AE /* ViewController.swift */,
				DD7EDA6F1F3950D6002CB8AE /* Main.storyboard */,
				DD7EDA751F3950D6002CB8AE /* Assets.xcassets */,
				DD7EDA771F3950D6002CB8AE /* LaunchScreen.storyboard */,
				DD7EDA7A1F3950D6002CB8AE /* Info.plist */,
				DD7EDA721F3950D6002CB8AE /* I_am_Rich.xcdatamodeld */,
			);
			path = "I am Rich";
			sourceTree = "<group>";
		};
/* End PBXGroup section */

/* Begin PBXNativeTarget section */
		DD7EDA671F3950D6002CB8AE /* I am Rich */ = {
			isa = PBXNativeTarget;
			buildConfigurationList = DD7EDA7D1F3950D6002CB8AE /* Build configuration list for PBXNativeTarget "I am Rich" */;
			buildPhases = (
				DD7EDA641F3950D6002CB8AE /* Sources */,
				DD7EDA651F3950D6002CB8AE /* Frameworks */,
				DD7EDA661F3950D6002CB8AE /* Resources */,
			);
			buildRules = (
			);
			dependencies = (
			);
			name = "I am Rich";
			productName = "I am Rich";
			productReference = DD7EDA681F3950D6002CB8AE /* I am Rich.app */;
			productType = "com.apple.product-type.application";
		};
/* End PBXNativeTarget section */

/* Begin PBXProject section */
		DD7EDA601F3950D6002CB8AE /* Project object */ = {
			isa = PBXProject;
			attributes = {
				LastSwiftUpdateCheck = 0900;
				LastUpgradeCheck = 0900;
				ORGANIZATIONNAME = "Nevin Herring";
				TargetAttributes = {
					DD7EDA671F3950D6002CB8AE = {
						CreatedOnToolsVersion = 9.0;
					};
				};
			};
			buildConfigurationList = DD7EDA631F3950D6002CB8AE /* Build configuration list for PBXProject "I am Rich" */;
			compatibilityVersion = "Xcode 8.0";
			developmentRegion = en;
			hasScannedForEncodings = 0;
			knownRegions = (
				en,
				Base,
			);
			mainGroup = DD7EDA5F1F3950D6002CB8AE;
			productRefGroup = DD7EDA691F3950D6002CB8AE /* Products */;
			projectDirPath = "";
			projectRoot = "";
			targets = (
				DD7EDA671F3950D6002CB8AE /* I am Rich */,
			);
		};
/* End PBXProject section */

/* Begin PBXResourcesBuildPhase section */
		DD7EDA661F3950D6002CB8AE /* Resources */ = {
			isa = PBXResourcesBuildPhase;
			buildActionMask = 2147483647;
			files = (
				DD7EDA791F3950D6002CB8AE /* LaunchScreen.storyboard in Resources */,
				DD7EDA761F3950D6002CB8AE /* Assets.xcassets in Resources */,
				DD7EDA711F3950D6002CB8AE /* Main.storyboard in Resources */,
			);
			runOnlyForDeploymentPostprocessing = 0;
		};
/* End PBXResourcesBuildPhase section */

/* Begin PBXSourcesBuildPhase section */
		DD7EDA641F3950D6002CB8AE /* Sources */ = {
			isa = PBXSourcesBuildPhase;
			buildActionMask = 2147483647;
			files = (
				DD7EDA6E1F3950D6002CB8AE /* ViewController.swift in Sources */,
				DD7EDA741F3950D6002CB8AE /* I_am_Rich.xcdatamodeld in Sources */,
				DD7EDA6C1F3950D6002CB8AE /* AppDelegate.swift in Sources */,
			);
			runOnlyForDeploymentPostprocessing = 0;
		};
/* End PBXSourcesBuildPhase section */

/* Begin PBXVariantGroup section */
		DD7EDA6F1F3950D6002CB8AE /* Main.storyboard */ = {
			isa = PBXVariantGroup;
			children = (
				DD7EDA701F3950D6002CB8AE /* Base */,
			);
			name = Main.storyboard;
			sourceTree = "<group>";
		};
		DD7EDA771F3950D6002CB8AE /* LaunchScreen.storyboard */ = {
			isa = PBXVariantGroup;
			children = (
				DD7EDA781F3950D6002CB8AE /* Base */,
			);
			name = LaunchScreen.storyboard;
			sourceTree = "<group>";
		};
/* End PBXVariantGroup section */

/* Begin XCBuildConfiguration section */
		DD7EDA7B1F3950D6002CB8AE /* Debug */ = {
			isa = XCBuildConfiguration;
			buildSettings = {
				ALWAYS_SEARCH_USER_PATHS = NO;
				CLANG_ANALYZER_NONNULL = YES;
				CLANG_ANALYZER_NUMBER_OBJECT_CONVERSION = YES_AGGRESSIVE;
				CLANG_CXX_LANGUAGE_STANDARD = "gnu++14";
				CLANG_CXX_LIBRARY = "libc++";
				CLANG_ENABLE_MODULES = YES;
				CLANG_ENABLE_OBJC_ARC = YES;
				CLANG_WARN_BLOCK_CAPTURE_AUTORELEASING = YES;
				CLANG_WARN_BOOL_CONVERSION = YES;
				CLANG_WARN_COMMA = YES;
				CLANG_WARN_CONSTANT_CONVERSION = YES;
				CLANG_WARN_DIRECT_OBJC_ISA_USAGE = YES_ERROR;
				CLANG_WARN_DOCUMENTATION_COMMENTS = YES;
				CLANG_WARN_EMPTY_BODY = YES;
				CLANG_WARN_ENUM_CONVERSION = YES;
				CLANG_WARN_INFINITE_RECURSION = YES;
				CLANG_WARN_INT_CONVERSION = YES;
				CLANG_WARN_NON_LITERAL_NULL_CONVERSION = YES;
				CLANG_WARN_OBJC_LITERAL_CONVERSION = YES;
				CLANG_WARN_OBJC_ROOT_CLASS = YES_ERROR;
				CLANG_WARN_RANGE_LOOP_ANALYSIS = YES;
				CLANG_WARN_STRICT_PROTOTYPES = YES;
				CLANG_WARN_SUSPICIOUS_MOVE = YES;
				CLANG_WARN_UNGUARDED_AVAILABILITY = YES_AGGRESSIVE;
				CLANG_WARN_UNREACHABLE_CODE = YES;
				CLANG_WARN__DUPLICATE_METHOD_MATCH = YES;
				CODE_SIGN_IDENTITY = "iPhone Developer";
				COPY_PHASE_STRIP = NO;
				DEBUG_INFORMATION_FORMAT = dwarf;
				ENABLE_STRICT_OBJC_MSGSEND = YES;
				ENABLE_TESTABILITY = YES;
				GCC_C_LANGUAGE_STANDARD = gnu11;
				GCC_DYNAMIC_NO_PIC = NO;
				GCC_NO_COMMON_BLOCKS = YES;
				GCC_OPTIMIZATION_LEVEL = 0;
				GCC_PREPROCESSOR_DEFINITIONS = (
					"DEBUG=1",
					"$(inherited)",
				);
				GCC_WARN_64_TO_32_BIT_CONVERSION = YES;
				GCC_WARN_ABOUT_RETURN_TYPE = YES_ERROR;
				GCC_WARN_UNDECLARED_SELECTOR = YES;
				GCC_WARN_UNINITIALIZED_AUTOS = YES_AGGRESSIVE;
				GCC_WARN_UNUSED_FUNCTION = YES;
				GCC_WARN_UNUSED_VARIABLE = YES;
				IPHONEOS_DEPLOYMENT_TARGET = 11.0;
				MTL_ENABLE_DEBUG_INFO = YES;
				ONLY_ACTIVE_ARCH = YES;
				SDKROOT = iphoneos;
				SWIFT_ACTIVE_COMPILATION_CONDITIONS = DEBUG;
				SWIFT_OPTIMIZATION_LEVEL = "-Onone";
			};
			name = Debug;
		};
		DD7EDA7C1F3950D6002CB8AE /* Release */ = {
			isa = XCBuildConfiguration;
			buildSettings = {
				ALWAYS_SEARCH_USER_PATHS = NO;
				CLANG_ANALYZER_NONNULL = YES;
				CLANG_ANALYZER_NUMBER_OBJECT_CONVERSION = YES_AGGRESSIVE;
				CLANG_CXX_LANGUAGE_STANDARD = "gnu++14";
				CLANG_CXX_LIBRARY = "libc++";
				CLANG_ENABLE_MODULES = YES;
				CLANG_ENABLE_OBJC_ARC = YES;
				CLANG_WARN_BLOCK_CAPTURE_AUTORELEASING = YES;
				CLANG_WARN_BOOL_CONVERSION = YES;
				CLANG_WARN_COMMA = YES;
				CLANG_WARN_CONSTANT_CONVERSION = YES;
				CLANG_WARN_DIRECT_OBJC_ISA_USAGE = YES_ERROR;
				CLANG_WARN_DOCUMENTATION_COMMENTS = YES;
				CLANG_WARN_EMPTY_BODY = YES;
				CLANG_WARN_ENUM_CONVERSION = YES;
				CLANG_WARN_INFINITE_RECURSION = YES;
				CLANG_WARN_INT_CONVERSION = YES;
				CLANG_WARN_NON_LITERAL_NULL_CONVERSION = YES;
				CLANG_WARN_OBJC_LITERAL_CONVERSION = YES;
				CLANG_WARN_OBJC_ROOT_CLASS = YES_ERROR;
				CLANG_WARN_RANGE_LOOP_ANALYSIS = YES;
				CLANG_WARN_STRICT_PROTOTYPES = YES;
				CLANG_WARN_SUSPICIOUS_MOVE = YES;
				CLANG_WARN_UNGUARDED_AVAILABILITY = YES_AGGRESSIVE;
				CLANG_WARN_UNREACHABLE_CODE = YES;
				CLANG_WARN__DUPLICATE_METHOD_MATCH = YES;
				CODE_SIGN_IDENTITY = "iPhone Developer";
				COPY_PHASE_STRIP = NO;
				DEBUG_INFORMATION_FORMAT = "dwarf-with-dsym";
				ENABLE_NS_ASSERTIONS = NO;
				ENABLE_STRICT_OBJC_MSGSEND = YES;
				GCC_C_LANGUAGE_STANDARD = gnu11;
				GCC_NO_COMMON_BLOCKS = YES;
				GCC_WARN_64_TO_32_BIT_CONVERSION = YES;
				GCC_WARN_ABOUT_RETURN_TYPE = YES_ERROR;
				GCC_WARN_UNDECLARED_SELECTOR = YES;
				GCC_WARN_UNINITIALIZED_AUTOS = YES_AGGRESSIVE;
				GCC_WARN_UNUSED_FUNCTION = YES;
				GCC_WARN_UNUSED_VARIABLE = YES;
				IPHONEOS_DEPLOYMENT_TARGET = 11.0;
				MTL_ENABLE_DEBUG_INFO = NO;
				SDKROOT = iphoneos;
				SWIFT_OPTIMIZATION_LEVEL = "-Owholemodule";
				VALIDATE_PRODUCT = YES;
			};
			name = Release;
		};
		DD7EDA7E1F3950D6002CB8AE /* Debug */ = {
			isa = XCBuildConfiguration;
			buildSettings = {
				ASSETCATALOG_COMPILER_APPICON_NAME = AppIcon;
				INFOPLIST_FILE = "I am Rich/Info.plist";
				LD_RUNPATH_SEARCH_PATHS = "$(inherited) @executable_path/Frameworks";
				PRODUCT_BUNDLE_IDENTIFIER = "NevinHerring.I-am-Rich";
				PRODUCT_NAME = "$(TARGET_NAME)";
				SWIFT_VERSION = 4.0;
				TARGETED_DEVICE_FAMILY = "1,2";
			};
			name = Debug;
		};
		DD7EDA7F1F3950D6002CB8AE /* Release */ = {
			isa = XCBuildConfiguration;
			buildSettings = {
				ASSETCATALOG_COMPILER_APPICON_NAME = AppIcon;
				INFOPLIST_FILE = "I am Rich/Info.plist";
				LD_RUNPATH_SEARCH_PATHS = "$(inherited) @executable_path/Frameworks";
				PRODUCT_BUNDLE_IDENTIFIER = "NevinHerring.I-am-Rich";
				PRODUCT_NAME = "$(TARGET_NAME)";
				SWIFT_VERSION = 4.0;
				TARGETED_DEVICE_FAMILY = "1,2";
			};
			name = Release;
		};
/* End XCBuildConfiguration section */

/* Begin XCConfigurationList section */
		DD7EDA631F3950D6002CB8AE /* Build configuration list for PBXProject "I am Rich" */ = {
			isa = XCConfigurationList;
			buildConfigurations = (
				DD7EDA7B1F3950D6002CB8AE /* Debug */,
				DD7EDA7C1F3950D6002CB8AE /* Release */,
			);
			defaultConfigurationIsVisible = 0;
			defaultConfigurationName = Release;
		};
		DD7EDA7D1F3950D6002CB8AE /* Build configuration list for PBXNativeTarget "I am Rich" */ = {
			isa = XCConfigurationList;
			buildConfigurations = (
				DD7EDA7E1F3950D6002CB8AE /* Debug */,
				DD7EDA7F1F3950D6002CB8AE /* Release */,
			);
			defaultConfigurationIsVisible = 0;
		};
/* End XCConfigurationList section */

/* Begin XCVersionGroup section */
		DD7EDA721F3950D6002CB8AE /* I_am_Rich.xcdatamodeld */ = {
			isa = XCVersionGroup;
			children = (
				DD7EDA731F3950D6002CB8AE /* I_am_Rich.xcdatamodel */,
			);
			currentVersion = DD7EDA731F3950D6002CB8AE /* I_am_Rich.xcdatamodel */;
			path = I_am_Rich.xcdatamodeld;
			sourceTree = "<group>";
			versionGroupType = wrapper.xcdatamodel;
		};
/* End XCVersionGroup section */
	};
	rootObject = DD7EDA601F3950D6002CB8AE /* Project object */;
}
